
Microsoft Visual Studio Solution File, Format Version 12.00
# Visual Studio Version 17
VisualStudioVersion = 17.4.33213.308
MinimumVisualStudioVersion = 10.0.40219.1
Project("{888888A0-9F3D-457C-B088-3A5042F75D52}") = "Bootcamp_Week_7_Evening", "Bootcamp_Week_7_Evening\Bootcamp_Week_7_Evening.pyproj", "{E80C210E-6B2E-4767-884C-605A3643F0F3}"
EndProject
Global
	GlobalSection(SolutionConfigurationPlatforms) = preSolution
		Debug|Any CPU = Debug|Any CPU
		Release|Any CPU = Release|Any CPU
	EndGlobalSection
	GlobalSection(ProjectConfigurationPlatforms) = postSolution
		{E80C210E-6B2E-4767-884C-605A3643F0F3}.Debug|Any CPU.ActiveCfg = Debug|Any CPU
		{E80C210E-6B2E-4767-884C-605A3643F0F3}.Release|Any CPU.ActiveCfg = Release|Any CPU
	EndGlobalSection
	GlobalSection(SolutionProperties) = preSolution
		HideSolutionNode = FALSE
	EndGlobalSection
	GlobalSection(ExtensibilityGlobals) = postSolution
		SolutionGuid = {97AB9B0A-FCE8-489D-B19E-8DB85AD17F12}
	EndGlobalSection
EndGlobal
